
Microsoft Visual Studio Solution File, Format Version 12.00
# Visual Studio 15
VisualStudioVersion = 15.0.28307.779
MinimumVisualStudioVersion = 10.0.40219.1
Project("{FAE04EC0-301F-11D3-BF4B-00C04F79EFBC}") = "TutoWPF_3_2_MVVM", "TutoWPF_3_2_MVVM\TutoWPF_3_2_MVVM.csproj", "{657BAAFF-074E-4242-82D6-366F2DAD897B}"
EndProject
Global
	GlobalSection(SolutionConfigurationPlatforms) = preSolution
		Debug|Any CPU = Debug|Any CPU
		Release|Any CPU = Release|Any CPU
	EndGlobalSection
	GlobalSection(ProjectConfigurationPlatforms) = postSolution
		{657BAAFF-074E-4242-82D6-366F2DAD897B}.Debug|Any CPU.ActiveCfg = Debug|Any CPU
		{657BAAFF-074E-4242-82D6-366F2DAD897B}.Debug|Any CPU.Build.0 = Debug|Any CPU
		{657BAAFF-074E-4242-82D6-366F2DAD897B}.Release|Any CPU.ActiveCfg = Release|Any CPU
		{657BAAFF-074E-4242-82D6-366F2DAD897B}.Release|Any CPU.Build.0 = Release|Any CPU
	EndGlobalSection
	GlobalSection(SolutionProperties) = preSolution
		HideSolutionNode = FALSE
	EndGlobalSection
	GlobalSection(ExtensibilityGlobals) = postSolution
		SolutionGuid = {D87C2B36-F8DE-47A9-B701-EEA6DE8BA143}
	EndGlobalSection
EndGlobal
